
Microsoft Visual Studio Solution File, Format Version 12.00
# Visual Studio 14
VisualStudioVersion = 14.0.23107.0
MinimumVisualStudioVersion = 10.0.40219.1
Project("{FAE04EC0-301F-11D3-BF4B-00C04F79EFBC}") = "MotionUdpServer", "MotionUdpServer\MotionUdpServer.csproj", "{C2A9A2A6-9C32-4A95-9B24-8DD0D94D8BBB}"
EndProject
Project("{FAE04EC0-301F-11D3-BF4B-00C04F79EFBC}") = "MotionUdpClientTest", "MotionUdpClientTest\MotionUdpClientTest.csproj", "{89A54F21-6060-408C-8B08-76590EE58AAE}"
EndProject
Project("{FAE04EC0-301F-11D3-BF4B-00C04F79EFBC}") = "CommsModule", "CommsModule\CommsModule.csproj", "{B96A32A3-E3B9-40C5-BF4D-8AA0A1480C07}"
EndProject
Global
	GlobalSection(SolutionConfigurationPlatforms) = preSolution
		Debug|Any CPU = Debug|Any CPU
		Release|Any CPU = Release|Any CPU
	EndGlobalSection
	GlobalSection(ProjectConfigurationPlatforms) = postSolution
		{C2A9A2A6-9C32-4A95-9B24-8DD0D94D8BBB}.Debug|Any CPU.ActiveCfg = Debug|Any CPU
		{C2A9A2A6-9C32-4A95-9B24-8DD0D94D8BBB}.Debug|Any CPU.Build.0 = Debug|Any CPU
		{C2A9A2A6-9C32-4A95-9B24-8DD0D94D8BBB}.Release|Any CPU.ActiveCfg = Release|Any CPU
		{C2A9A2A6-9C32-4A95-9B24-8DD0D94D8BBB}.Release|Any CPU.Build.0 = Release|Any CPU
		{89A54F21-6060-408C-8B08-76590EE58AAE}.Debug|Any CPU.ActiveCfg = Debug|Any CPU
		{89A54F21-6060-408C-8B08-76590EE58AAE}.Debug|Any CPU.Build.0 = Debug|Any CPU
		{89A54F21-6060-408C-8B08-76590EE58AAE}.Release|Any CPU.ActiveCfg = Release|Any CPU
		{89A54F21-6060-408C-8B08-76590EE58AAE}.Release|Any CPU.Build.0 = Release|Any CPU
		{B96A32A3-E3B9-40C5-BF4D-8AA0A1480C07}.Debug|Any CPU.ActiveCfg = Debug|Any CPU
		{B96A32A3-E3B9-40C5-BF4D-8AA0A1480C07}.Debug|Any CPU.Build.0 = Debug|Any CPU
		{B96A32A3-E3B9-40C5-BF4D-8AA0A1480C07}.Release|Any CPU.ActiveCfg = Release|Any CPU
		{B96A32A3-E3B9-40C5-BF4D-8AA0A1480C07}.Release|Any CPU.Build.0 = Release|Any CPU
	EndGlobalSection
	GlobalSection(SolutionProperties) = preSolution
		HideSolutionNode = FALSE
	EndGlobalSection
EndGlobal
